// !$*UTF8*$!
{
	archiveVersion = 1;
	classes = {
	};
	objectVersion = 56;
	objects = {

/* Begin PBXBuildFile section */
		4901FDDA2EADE7C50004486F /* GrowmapApp.swift in Sources */ = {isa = PBXBuildFile; fileRef = 4901FDD92EADE7C50004486F /* GrowmapApp.swift */; };
		4901FDDC2EADE7C50004486F /* ContentView.swift in Sources */ = {isa = PBXBuildFile; fileRef = 4901FDDB2EADE7C50004486F /* ContentView.swift */; };
		4901FDE12EADE7CB0004486F /* Preview Assets.xcassets in Resources */ = {isa = PBXBuildFile; fileRef = 4901FDE02EADE7CB0004486F /* Preview Assets.xcassets */; };
		4901FE0D2EADF3910004486F /* Action.swift in Sources */ = {isa = PBXBuildFile; fileRef = 4901FDE72EADF3910004486F /* Action.swift */; };
		4901FE0E2EADF3910004486F /* DayState.swift in Sources */ = {isa = PBXBuildFile; fileRef = 4901FDE82EADF3910004486F /* DayState.swift */; };
		4901FE0F2EADF3910004486F /* Element.swift in Sources */ = {isa = PBXBuildFile; fileRef = 4901FDE92EADF3910004486F /* Element.swift */; };
		4901FE102EADF3910004486F /* Goal.swift in Sources */ = {isa = PBXBuildFile; fileRef = 4901FDEA2EADF3910004486F /* Goal.swift */; };
		4901FE112EADF3910004486F /* GoalRepositoryProtocol.swift in Sources */ = {isa = PBXBuildFile; fileRef = 4901FDEC2EADF3910004486F /* GoalRepositoryProtocol.swift */; };
		4901FE122EADF3910004486F /* GoalUseCase.swift in Sources */ = {isa = PBXBuildFile; fileRef = 4901FDEE2EADF3910004486F /* GoalUseCase.swift */; };
		4901FE132EADF3910004486F /* CustomColors.swift in Sources */ = {isa = PBXBuildFile; fileRef = 4901FDF12EADF3910004486F /* CustomColors.swift */; };
		4901FE142EADF3910004486F /* DateExtensions.swift in Sources */ = {isa = PBXBuildFile; fileRef = 4901FDF22EADF3910004486F /* DateExtensions.swift */; };
		4901FE152EADF3910004486F /* View4.swift in Sources */ = {isa = PBXBuildFile; fileRef = 4901FDF42EADF3910004486F /* View4.swift */; };
		4901FE162EADF3910004486F /* View4ViewModel.swift in Sources */ = {isa = PBXBuildFile; fileRef = 4901FDF52EADF3910004486F /* View4ViewModel.swift */; };
		4901FE172EADF3910004486F /* View6.swift in Sources */ = {isa = PBXBuildFile; fileRef = 4901FDF72EADF3910004486F /* View6.swift */; };
		4901FE182EADF3910004486F /* View6ViewModel.swift in Sources */ = {isa = PBXBuildFile; fileRef = 4901FDF82EADF3910004486F /* View6ViewModel.swift */; };
		4901FE192EADF3910004486F /* View3.swift in Sources */ = {isa = PBXBuildFile; fileRef = 4901FDFA2EADF3910004486F /* View3.swift */; };
		4901FE1A2EADF3910004486F /* View3ViewModel.swift in Sources */ = {isa = PBXBuildFile; fileRef = 4901FDFB2EADF3910004486F /* View3ViewModel.swift */; };
		4901FE1B2EADF3910004486F /* View5.swift in Sources */ = {isa = PBXBuildFile; fileRef = 4901FDFD2EADF3910004486F /* View5.swift */; };
		4901FE1C2EADF3910004486F /* View5ViewModel.swift in Sources */ = {isa = PBXBuildFile; fileRef = 4901FDFE2EADF3910004486F /* View5ViewModel.swift */; };
		4901FE1D2EADF3910004486F /* View1.swift in Sources */ = {isa = PBXBuildFile; fileRef = 4901FE002EADF3910004486F /* View1.swift */; };
		4901FE1E2EADF3910004486F /* View1ViewModel.swift in Sources */ = {isa = PBXBuildFile; fileRef = 4901FE012EADF3910004486F /* View1ViewModel.swift */; };
		4901FE1F2EADF3910004486F /* View2.swift in Sources */ = {isa = PBXBuildFile; fileRef = 4901FE032EADF3910004486F /* View2.swift */; };
		4901FE202EADF3910004486F /* View2ViewModel.swift in Sources */ = {isa = PBXBuildFile; fileRef = 4901FE042EADF3910004486F /* View2ViewModel.swift */; };
		4901FE212EADF3910004486F /* UserDefaultsDataSource.swift in Sources */ = {isa = PBXBuildFile; fileRef = 4901FE082EADF3910004486F /* UserDefaultsDataSource.swift */; };
		4901FE222EADF3910004486F /* GoalRepository.swift in Sources */ = {isa = PBXBuildFile; fileRef = 4901FE0A2EADF3910004486F /* GoalRepository.swift */; };
		4901FE242EADF3A40004486F /* Assets.xcassets in Resources */ = {isa = PBXBuildFile; fileRef = 4901FE232EADF3A40004486F /* Assets.xcassets */; };
/* End PBXBuildFile section */

/* Begin PBXFileReference section */
		4901FDD62EADE7C50004486F /* Growmap.app */ = {isa = PBXFileReference; explicitFileType = wrapper.application; includeInIndex = 0; path = Growmap.app; sourceTree = BUILT_PRODUCTS_DIR; };
		4901FDD92EADE7C50004486F /* GrowmapApp.swift */ = {isa = PBXFileReference; lastKnownFileType = sourcecode.swift; path = GrowmapApp.swift; sourceTree = "<group>"; };
		4901FDDB2EADE7C50004486F /* ContentView.swift */ = {isa = PBXFileReference; lastKnownFileType = sourcecode.swift; path = ContentView.swift; sourceTree = "<group>"; };
		4901FDE02EADE7CB0004486F /* Preview Assets.xcassets */ = {isa = PBXFileReference; lastKnownFileType = folder.assetcatalog; path = "Preview Assets.xcassets"; sourceTree = "<group>"; };
		4901FDE72EADF3910004486F /* Action.swift */ = {isa = PBXFileReference; fileEncoding = 4; lastKnownFileType = sourcecode.swift; path = Action.swift; sourceTree = "<group>"; };
		4901FDE82EADF3910004486F /* DayState.swift */ = {isa = PBXFileReference; fileEncoding = 4; lastKnownFileType = sourcecode.swift; path = DayState.swift; sourceTree = "<group>"; };
		4901FDE92EADF3910004486F /* Element.swift */ = {isa = PBXFileReference; fileEncoding = 4; lastKnownFileType = sourcecode.swift; path = Element.swift; sourceTree = "<group>"; };
		4901FDEA2EADF3910004486F /* Goal.swift */ = {isa = PBXFileReference; fileEncoding = 4; lastKnownFileType = sourcecode.swift; path = Goal.swift; sourceTree = "<group>"; };
		4901FDEC2EADF3910004486F /* GoalRepositoryProtocol.swift */ = {isa = PBXFileReference; fileEncoding = 4; lastKnownFileType = sourcecode.swift; path = GoalRepositoryProtocol.swift; sourceTree = "<group>"; };
		4901FDEE2EADF3910004486F /* GoalUseCase.swift */ = {isa = PBXFileReference; fileEncoding = 4; lastKnownFileType = sourcecode.swift; path = GoalUseCase.swift; sourceTree = "<group>"; };
		4901FDF12EADF3910004486F /* CustomColors.swift */ = {isa = PBXFileReference; fileEncoding = 4; lastKnownFileType = sourcecode.swift; path = CustomColors.swift; sourceTree = "<group>"; };
		4901FDF22EADF3910004486F /* DateExtensions.swift */ = {isa = PBXFileReference; fileEncoding = 4; lastKnownFileType = sourcecode.swift; path = DateExtensions.swift; sourceTree = "<group>"; };
		4901FDF42EADF3910004486F /* View4.swift */ = {isa = PBXFileReference; fileEncoding = 4; lastKnownFileType = sourcecode.swift; path = View4.swift; sourceTree = "<group>"; };
		4901FDF52EADF3910004486F /* View4ViewModel.swift */ = {isa = PBXFileReference; fileEncoding = 4; lastKnownFileType = sourcecode.swift; path = View4ViewModel.swift; sourceTree = "<group>"; };
		4901FDF72EADF3910004486F /* View6.swift */ = {isa = PBXFileReference; fileEncoding = 4; lastKnownFileType = sourcecode.swift; path = View6.swift; sourceTree = "<group>"; };
		4901FDF82EADF3910004486F /* View6ViewModel.swift */ = {isa = PBXFileReference; fileEncoding = 4; lastKnownFileType = sourcecode.swift; path = View6ViewModel.swift; sourceTree = "<group>"; };
		4901FDFA2EADF3910004486F /* View3.swift */ = {isa = PBXFileReference; fileEncoding = 4; lastKnownFileType = sourcecode.swift; path = View3.swift; sourceTree = "<group>"; };
		4901FDFB2EADF3910004486F /* View3ViewModel.swift */ = {isa = PBXFileReference; fileEncoding = 4; lastKnownFileType = sourcecode.swift; path = View3ViewModel.swift; sourceTree = "<group>"; };
		4901FDFD2EADF3910004486F /* View5.swift */ = {isa = PBXFileReference; fileEncoding = 4; lastKnownFileType = sourcecode.swift; path = View5.swift; sourceTree = "<group>"; };
		4901FDFE2EADF3910004486F /* View5ViewModel.swift */ = {isa = PBXFileReference; fileEncoding = 4; lastKnownFileType = sourcecode.swift; path = View5ViewModel.swift; sourceTree = "<group>"; };
		4901FE002EADF3910004486F /* View1.swift */ = {isa = PBXFileReference; fileEncoding = 4; lastKnownFileType = sourcecode.swift; path = View1.swift; sourceTree = "<group>"; };
		4901FE012EADF3910004486F /* View1ViewModel.swift */ = {isa = PBXFileReference; fileEncoding = 4; lastKnownFileType = sourcecode.swift; path = View1ViewModel.swift; sourceTree = "<group>"; };
		4901FE032EADF3910004486F /* View2.swift */ = {isa = PBXFileReference; fileEncoding = 4; lastKnownFileType = sourcecode.swift; path = View2.swift; sourceTree = "<group>"; };
		4901FE042EADF3910004486F /* View2ViewModel.swift */ = {isa = PBXFileReference; fileEncoding = 4; lastKnownFileType = sourcecode.swift; path = View2ViewModel.swift; sourceTree = "<group>"; };
		4901FE082EADF3910004486F /* UserDefaultsDataSource.swift */ = {isa = PBXFileReference; fileEncoding = 4; lastKnownFileType = sourcecode.swift; path = UserDefaultsDataSource.swift; sourceTree = "<group>"; };
		4901FE0A2EADF3910004486F /* GoalRepository.swift */ = {isa = PBXFileReference; fileEncoding = 4; lastKnownFileType = sourcecode.swift; path = GoalRepository.swift; sourceTree = "<group>"; };
		4901FE232EADF3A40004486F /* Assets.xcassets */ = {isa = PBXFileReference; lastKnownFileType = folder.assetcatalog; path = Assets.xcassets; sourceTree = "<group>"; };
/* End PBXFileReference section */

/* Begin PBXFrameworksBuildPhase section */
		4901FDD32EADE7C50004486F /* Frameworks */ = {
			isa = PBXFrameworksBuildPhase;
			buildActionMask = 2147483647;
			files = (
			);
			runOnlyForDeploymentPostprocessing = 0;
		};
/* End PBXFrameworksBuildPhase section */

/* Begin PBXGroup section */
		4901FDCD2EADE7C50004486F = {
			isa = PBXGroup;
			children = (
				4901FDD82EADE7C50004486F /* Growmap */,
				4901FDD72EADE7C50004486F /* Products */,
			);
			sourceTree = "<group>";
		};
		4901FDD72EADE7C50004486F /* Products */ = {
			isa = PBXGroup;
			children = (
				4901FDD62EADE7C50004486F /* Growmap.app */,
			);
			name = Products;
			sourceTree = "<group>";
		};
		4901FDD82EADE7C50004486F /* Growmap */ = {
			isa = PBXGroup;
			children = (
				4901FDD92EADE7C50004486F /* GrowmapApp.swift */,
				4901FDDB2EADE7C50004486F /* ContentView.swift */,
				4901FE232EADF3A40004486F /* Assets.xcassets */,
				4901FE0C2EADF3910004486F /* Data */,
				4901FDF02EADF3910004486F /* Domain */,
				4901FE072EADF3910004486F /* Presentation */,
				4901FDDF2EADE7CB0004486F /* Preview Content */,
			);
			path = Growmap;
			sourceTree = "<group>";
		};
		4901FDDF2EADE7CB0004486F /* Preview Content */ = {
			isa = PBXGroup;
			children = (
				4901FDE02EADE7CB0004486F /* Preview Assets.xcassets */,
			);
			path = "Preview Content";
			sourceTree = "<group>";
		};
		4901FDEB2EADF3910004486F /* Entities */ = {
			isa = PBXGroup;
			children = (
				4901FDE72EADF3910004486F /* Action.swift */,
				4901FDE82EADF3910004486F /* DayState.swift */,
				4901FDE92EADF3910004486F /* Element.swift */,
				4901FDEA2EADF3910004486F /* Goal.swift */,
			);
			path = Entities;
			sourceTree = "<group>";
		};
		4901FDED2EADF3910004486F /* RepositoryInterfaces */ = {
			isa = PBXGroup;
			children = (
				4901FDEC2EADF3910004486F /* GoalRepositoryProtocol.swift */,
			);
			path = RepositoryInterfaces;
			sourceTree = "<group>";
		};
		4901FDEF2EADF3910004486F /* UseCases */ = {
			isa = PBXGroup;
			children = (
				4901FDEE2EADF3910004486F /* GoalUseCase.swift */,
			);
			path = UseCases;
			sourceTree = "<group>";
		};
		4901FDF02EADF3910004486F /* Domain */ = {
			isa = PBXGroup;
			children = (
				4901FDEB2EADF3910004486F /* Entities */,
				4901FDED2EADF3910004486F /* RepositoryInterfaces */,
				4901FDEF2EADF3910004486F /* UseCases */,
			);
			path = Domain;
			sourceTree = "<group>";
		};
		4901FDF32EADF3910004486F /* Components */ = {
			isa = PBXGroup;
			children = (
				4901FDF12EADF3910004486F /* CustomColors.swift */,
				4901FDF22EADF3910004486F /* DateExtensions.swift */,
			);
			path = Components;
			sourceTree = "<group>";
		};
		4901FDF62EADF3910004486F /* View4 */ = {
			isa = PBXGroup;
			children = (
				4901FDF42EADF3910004486F /* View4.swift */,
				4901FDF52EADF3910004486F /* View4ViewModel.swift */,
			);
			path = View4;
			sourceTree = "<group>";
		};
		4901FDF92EADF3910004486F /* View6 */ = {
			isa = PBXGroup;
			children = (
				4901FDF72EADF3910004486F /* View6.swift */,
				4901FDF82EADF3910004486F /* View6ViewModel.swift */,
			);
			path = View6;
			sourceTree = "<group>";
		};
		4901FDFC2EADF3910004486F /* View3 */ = {
			isa = PBXGroup;
			children = (
				4901FDFA2EADF3910004486F /* View3.swift */,
				4901FDFB2EADF3910004486F /* View3ViewModel.swift */,
			);
			path = View3;
			sourceTree = "<group>";
		};
		4901FDFF2EADF3910004486F /* View5 */ = {
			isa = PBXGroup;
			children = (
				4901FDFD2EADF3910004486F /* View5.swift */,
				4901FDFE2EADF3910004486F /* View5ViewModel.swift */,
			);
			path = View5;
			sourceTree = "<group>";
		};
		4901FE022EADF3910004486F /* View1 */ = {
			isa = PBXGroup;
			children = (
				4901FE002EADF3910004486F /* View1.swift */,
				4901FE012EADF3910004486F /* View1ViewModel.swift */,
			);
			path = View1;
			sourceTree = "<group>";
		};
		4901FE052EADF3910004486F /* View2 */ = {
			isa = PBXGroup;
			children = (
				4901FE032EADF3910004486F /* View2.swift */,
				4901FE042EADF3910004486F /* View2ViewModel.swift */,
			);
			path = View2;
			sourceTree = "<group>";
		};
		4901FE062EADF3910004486F /* Screens */ = {
			isa = PBXGroup;
			children = (
				4901FE022EADF3910004486F /* View1 */,
				4901FE052EADF3910004486F /* View2 */,
				4901FDFC2EADF3910004486F /* View3 */,
				4901FDF62EADF3910004486F /* View4 */,
				4901FDFF2EADF3910004486F /* View5 */,
				4901FDF92EADF3910004486F /* View6 */,
			);
			path = Screens;
			sourceTree = "<group>";
		};
		4901FE072EADF3910004486F /* Presentation */ = {
			isa = PBXGroup;
			children = (
				4901FDF32EADF3910004486F /* Components */,
				4901FE062EADF3910004486F /* Screens */,
			);
			path = Presentation;
			sourceTree = "<group>";
		};
		4901FE092EADF3910004486F /* DataSources */ = {
			isa = PBXGroup;
			children = (
				4901FE082EADF3910004486F /* UserDefaultsDataSource.swift */,
			);
			path = DataSources;
			sourceTree = "<group>";
		};
		4901FE0B2EADF3910004486F /* Repositories */ = {
			isa = PBXGroup;
			children = (
				4901FE0A2EADF3910004486F /* GoalRepository.swift */,
			);
			path = Repositories;
			sourceTree = "<group>";
		};
		4901FE0C2EADF3910004486F /* Data */ = {
			isa = PBXGroup;
			children = (
				4901FE092EADF3910004486F /* DataSources */,
				4901FE0B2EADF3910004486F /* Repositories */,
			);
			path = Data;
			sourceTree = "<group>";
		};
/* End PBXGroup section */

/* Begin PBXNativeTarget section */
		4901FDD52EADE7C50004486F /* Growmap */ = {
			isa = PBXNativeTarget;
			buildConfigurationList = 4901FDE42EADE7CB0004486F /* Build configuration list for PBXNativeTarget "Growmap" */;
			buildPhases = (
				4901FDD22EADE7C50004486F /* Sources */,
				4901FDD32EADE7C50004486F /* Frameworks */,
				4901FDD42EADE7C50004486F /* Resources */,
			);
			buildRules = (
			);
			dependencies = (
			);
			name = Growmap;
			productName = Growmap;
			productReference = 4901FDD62EADE7C50004486F /* Growmap.app */;
			productType = "com.apple.product-type.application";
		};
/* End PBXNativeTarget section */

/* Begin PBXProject section */
		4901FDCE2EADE7C50004486F /* Project object */ = {
			isa = PBXProject;
			attributes = {
				BuildIndependentTargetsInParallel = 1;
				LastSwiftUpdateCheck = 1540;
				LastUpgradeCheck = 1540;
				TargetAttributes = {
					4901FDD52EADE7C50004486F = {
						CreatedOnToolsVersion = 15.4;
					};
				};
			};
			buildConfigurationList = 4901FDD12EADE7C50004486F /* Build configuration list for PBXProject "Growmap" */;
			compatibilityVersion = "Xcode 14.0";
			developmentRegion = en;
			hasScannedForEncodings = 0;
			knownRegions = (
				en,
				Base,
			);
			mainGroup = 4901FDCD2EADE7C50004486F;
			productRefGroup = 4901FDD72EADE7C50004486F /* Products */;
			projectDirPath = "";
			projectRoot = "";
			targets = (
				4901FDD52EADE7C50004486F /* Growmap */,
			);
		};
/* End PBXProject section */

/* Begin PBXResourcesBuildPhase section */
		4901FDD42EADE7C50004486F /* Resources */ = {
			isa = PBXResourcesBuildPhase;
			buildActionMask = 2147483647;
			files = (
				4901FDE12EADE7CB0004486F /* Preview Assets.xcassets in Resources */,
				4901FE242EADF3A40004486F /* Assets.xcassets in Resources */,
			);
			runOnlyForDeploymentPostprocessing = 0;
		};
/* End PBXResourcesBuildPhase section */

/* Begin PBXSourcesBuildPhase section */
		4901FDD22EADE7C50004486F /* Sources */ = {
			isa = PBXSourcesBuildPhase;
			buildActionMask = 2147483647;
			files = (
				4901FE1C2EADF3910004486F /* View5ViewModel.swift in Sources */,
				4901FE122EADF3910004486F /* GoalUseCase.swift in Sources */,
				4901FE212EADF3910004486F /* UserDefaultsDataSource.swift in Sources */,
				4901FE142EADF3910004486F /* DateExtensions.swift in Sources */,
				4901FE0E2EADF3910004486F /* DayState.swift in Sources */,
				4901FDDC2EADE7C50004486F /* ContentView.swift in Sources */,
				4901FE0D2EADF3910004486F /* Action.swift in Sources */,
				4901FE202EADF3910004486F /* View2ViewModel.swift in Sources */,
				4901FDDA2EADE7C50004486F /* GrowmapApp.swift in Sources */,
				4901FE1B2EADF3910004486F /* View5.swift in Sources */,
				4901FE222EADF3910004486F /* GoalRepository.swift in Sources */,
				4901FE1F2EADF3910004486F /* View2.swift in Sources */,
				4901FE192EADF3910004486F /* View3.swift in Sources */,
				4901FE112EADF3910004486F /* GoalRepositoryProtocol.swift in Sources */,
				4901FE102EADF3910004486F /* Goal.swift in Sources */,
				4901FE182EADF3910004486F /* View6ViewModel.swift in Sources */,
				4901FE132EADF3910004486F /* CustomColors.swift in Sources */,
				4901FE172EADF3910004486F /* View6.swift in Sources */,
				4901FE1A2EADF3910004486F /* View3ViewModel.swift in Sources */,
				4901FE152EADF3910004486F /* View4.swift in Sources */,
				4901FE0F2EADF3910004486F /* Element.swift in Sources */,
				4901FE1D2EADF3910004486F /* View1.swift in Sources */,
				4901FE1E2EADF3910004486F /* View1ViewModel.swift in Sources */,
				4901FE162EADF3910004486F /* View4ViewModel.swift in Sources */,
			);
			runOnlyForDeploymentPostprocessing = 0;
		};
/* End PBXSourcesBuildPhase section */

/* Begin XCBuildConfiguration section */
		4901FDE22EADE7CB0004486F /* Debug */ = {
			isa = XCBuildConfiguration;
			buildSettings = {
				ALWAYS_SEARCH_USER_PATHS = NO;
				ASSETCATALOG_COMPILER_GENERATE_SWIFT_ASSET_SYMBOL_EXTENSIONS = YES;
				CLANG_ANALYZER_NONNULL = YES;
				CLANG_ANALYZER_NUMBER_OBJECT_CONVERSION = YES_AGGRESSIVE;
				CLANG_CXX_LANGUAGE_STANDARD = "gnu++20";
				CLANG_ENABLE_MODULES = YES;
				CLANG_ENABLE_OBJC_ARC = YES;
				CLANG_ENABLE_OBJC_WEAK = YES;
				CLANG_WARN_BLOCK_CAPTURE_AUTORELEASING = YES;
				CLANG_WARN_BOOL_CONVERSION = YES;
				CLANG_WARN_COMMA = YES;
				CLANG_WARN_CONSTANT_CONVERSION = YES;
				CLANG_WARN_DEPRECATED_OBJC_IMPLEMENTATIONS = YES;
				CLANG_WARN_DIRECT_OBJC_ISA_USAGE = YES_ERROR;
				CLANG_WARN_DOCUMENTATION_COMMENTS = YES;
				CLANG_WARN_EMPTY_BODY = YES;
				CLANG_WARN_ENUM_CONVERSION = YES;
				CLANG_WARN_INFINITE_RECURSION = YES;
				CLANG_WARN_INT_CONVERSION = YES;
				CLANG_WARN_NON_LITERAL_NULL_CONVERSION = YES;
				CLANG_WARN_OBJC_IMPLICIT_RETAIN_SELF = YES;
				CLANG_WARN_OBJC_LITERAL_CONVERSION = YES;
				CLANG_WARN_OBJC_ROOT_CLASS = YES_ERROR;
				CLANG_WARN_QUOTED_INCLUDE_IN_FRAMEWORK_HEADER = YES;
				CLANG_WARN_RANGE_LOOP_ANALYSIS = YES;
				CLANG_WARN_STRICT_PROTOTYPES = YES;
				CLANG_WARN_SUSPICIOUS_MOVE = YES;
				CLANG_WARN_UNGUARDED_AVAILABILITY = YES_AGGRESSIVE;
				CLANG_WARN_UNREACHABLE_CODE = YES;
				CLANG_WARN__DUPLICATE_METHOD_MATCH = YES;
				COPY_PHASE_STRIP = NO;
				DEBUG_INFORMATION_FORMAT = dwarf;
				ENABLE_STRICT_OBJC_MSGSEND = YES;
				ENABLE_TESTABILITY = YES;
				ENABLE_USER_SCRIPT_SANDBOXING = YES;
				GCC_C_LANGUAGE_STANDARD = gnu17;
				GCC_DYNAMIC_NO_PIC = NO;
				GCC_NO_COMMON_BLOCKS = YES;
				GCC_OPTIMIZATION_LEVEL = 0;
				GCC_PREPROCESSOR_DEFINITIONS = (
					"DEBUG=1",
					"$(inherited)",
				);
				GCC_WARN_64_TO_32_BIT_CONVERSION = YES;
				GCC_WARN_ABOUT_RETURN_TYPE = YES_ERROR;
				GCC_WARN_UNDECLARED_SELECTOR = YES;
				GCC_WARN_UNINITIALIZED_AUTOS = YES_AGGRESSIVE;
				GCC_WARN_UNUSED_FUNCTION = YES;
				GCC_WARN_UNUSED_VARIABLE = YES;
				IPHONEOS_DEPLOYMENT_TARGET = 17.5;
				LOCALIZATION_PREFERS_STRING_CATALOGS = YES;
				MTL_ENABLE_DEBUG_INFO = INCLUDE_SOURCE;
				MTL_FAST_MATH = YES;
				ONLY_ACTIVE_ARCH = YES;
				SDKROOT = iphoneos;
				SWIFT_ACTIVE_COMPILATION_CONDITIONS = "DEBUG $(inherited)";
				SWIFT_OPTIMIZATION_LEVEL = "-Onone";
			};
			name = Debug;
		};
		4901FDE32EADE7CB0004486F /* Release */ = {
			isa = XCBuildConfiguration;
			buildSettings = {
				ALWAYS_SEARCH_USER_PATHS = NO;
				ASSETCATALOG_COMPILER_GENERATE_SWIFT_ASSET_SYMBOL_EXTENSIONS = YES;
				CLANG_ANALYZER_NONNULL = YES;
				CLANG_ANALYZER_NUMBER_OBJECT_CONVERSION = YES_AGGRESSIVE;
				CLANG_CXX_LANGUAGE_STANDARD = "gnu++20";
				CLANG_ENABLE_MODULES = YES;
				CLANG_ENABLE_OBJC_ARC = YES;
				CLANG_ENABLE_OBJC_WEAK = YES;
				CLANG_WARN_BLOCK_CAPTURE_AUTORELEASING = YES;
				CLANG_WARN_BOOL_CONVERSION = YES;
				CLANG_WARN_COMMA = YES;
				CLANG_WARN_CONSTANT_CONVERSION = YES;
				CLANG_WARN_DEPRECATED_OBJC_IMPLEMENTATIONS = YES;
				CLANG_WARN_DIRECT_OBJC_ISA_USAGE = YES_ERROR;
				CLANG_WARN_DOCUMENTATION_COMMENTS = YES;
				CLANG_WARN_EMPTY_BODY = YES;
				CLANG_WARN_ENUM_CONVERSION = YES;
				CLANG_WARN_INFINITE_RECURSION = YES;
				CLANG_WARN_INT_CONVERSION = YES;
				CLANG_WARN_NON_LITERAL_NULL_CONVERSION = YES;
				CLANG_WARN_OBJC_IMPLICIT_RETAIN_SELF = YES;
				CLANG_WARN_OBJC_LITERAL_CONVERSION = YES;
				CLANG_WARN_OBJC_ROOT_CLASS = YES_ERROR;
				CLANG_WARN_QUOTED_INCLUDE_IN_FRAMEWORK_HEADER = YES;
				CLANG_WARN_RANGE_LOOP_ANALYSIS = YES;
				CLANG_WARN_STRICT_PROTOTYPES = YES;
				CLANG_WARN_SUSPICIOUS_MOVE = YES;
				CLANG_WARN_UNGUARDED_AVAILABILITY = YES_AGGRESSIVE;
				CLANG_WARN_UNREACHABLE_CODE = YES;
				CLANG_WARN__DUPLICATE_METHOD_MATCH = YES;
				COPY_PHASE_STRIP = NO;
				DEBUG_INFORMATION_FORMAT = "dwarf-with-dsym";
				ENABLE_NS_ASSERTIONS = NO;
				ENABLE_STRICT_OBJC_MSGSEND = YES;
				ENABLE_USER_SCRIPT_SANDBOXING = YES;
				GCC_C_LANGUAGE_STANDARD = gnu17;
				GCC_NO_COMMON_BLOCKS = YES;
				GCC_WARN_64_TO_32_BIT_CONVERSION = YES;
				GCC_WARN_ABOUT_RETURN_TYPE = YES_ERROR;
				GCC_WARN_UNDECLARED_SELECTOR = YES;
				GCC_WARN_UNINITIALIZED_AUTOS = YES_AGGRESSIVE;
				GCC_WARN_UNUSED_FUNCTION = YES;
				GCC_WARN_UNUSED_VARIABLE = YES;
				IPHONEOS_DEPLOYMENT_TARGET = 17.5;
				LOCALIZATION_PREFERS_STRING_CATALOGS = YES;
				MTL_ENABLE_DEBUG_INFO = NO;
				MTL_FAST_MATH = YES;
				SDKROOT = iphoneos;
				SWIFT_COMPILATION_MODE = wholemodule;
				VALIDATE_PRODUCT = YES;
			};
			name = Release;
		};
		4901FDE52EADE7CB0004486F /* Debug */ = {
			isa = XCBuildConfiguration;
			buildSettings = {
				ASSETCATALOG_COMPILER_APPICON_NAME = AppIcon;
				ASSETCATALOG_COMPILER_GLOBAL_ACCENT_COLOR_NAME = AccentColor;
				CODE_SIGN_STYLE = Automatic;
				CURRENT_PROJECT_VERSION = 1;
				DEVELOPMENT_ASSET_PATHS = "\"Growmap/Preview Content\"";
				DEVELOPMENT_TEAM = YTV5LKKW5Q;
				ENABLE_PREVIEWS = YES;
				GENERATE_INFOPLIST_FILE = YES;
				INFOPLIST_KEY_NSRemindersUsageDescription = "行動をリマインダーに追加するために使用します";
				INFOPLIST_KEY_UIApplicationSceneManifest_Generation = YES;
				INFOPLIST_KEY_UIApplicationSupportsIndirectInputEvents = YES;
				INFOPLIST_KEY_UILaunchScreen_Generation = YES;
				INFOPLIST_KEY_UISupportedInterfaceOrientations_iPad = "UIInterfaceOrientationPortrait UIInterfaceOrientationPortraitUpsideDown UIInterfaceOrientationLandscapeLeft UIInterfaceOrientationLandscapeRight";
				INFOPLIST_KEY_UISupportedInterfaceOrientations_iPhone = "UIInterfaceOrientationPortrait UIInterfaceOrientationLandscapeLeft UIInterfaceOrientationLandscapeRight";
				LD_RUNPATH_SEARCH_PATHS = (
					"$(inherited)",
					"@executable_path/Frameworks",
				);
				MARKETING_VERSION = 1.0;
				PRODUCT_BUNDLE_IDENTIFIER = "com.haru-t.Growmap";
				PRODUCT_NAME = "$(TARGET_NAME)";
				SWIFT_EMIT_LOC_STRINGS = YES;
				SWIFT_VERSION = 5.0;
				TARGETED_DEVICE_FAMILY = "1,2";
			};
			name = Debug;
		};
		4901FDE62EADE7CB0004486F /* Release */ = {
			isa = XCBuildConfiguration;
			buildSettings = {
				ASSETCATALOG_COMPILER_APPICON_NAME = AppIcon;
				ASSETCATALOG_COMPILER_GLOBAL_ACCENT_COLOR_NAME = AccentColor;
				CODE_SIGN_STYLE = Automatic;
				CURRENT_PROJECT_VERSION = 1;
				DEVELOPMENT_ASSET_PATHS = "\"Growmap/Preview Content\"";
				DEVELOPMENT_TEAM = YTV5LKKW5Q;
				ENABLE_PREVIEWS = YES;
				GENERATE_INFOPLIST_FILE = YES;
				INFOPLIST_KEY_NSRemindersUsageDescription = "行動をリマインダーに追加するために使用します";
				INFOPLIST_KEY_UIApplicationSceneManifest_Generation = YES;
				INFOPLIST_KEY_UIApplicationSupportsIndirectInputEvents = YES;
				INFOPLIST_KEY_UILaunchScreen_Generation = YES;
				INFOPLIST_KEY_UISupportedInterfaceOrientations_iPad = "UIInterfaceOrientationPortrait UIInterfaceOrientationPortraitUpsideDown UIInterfaceOrientationLandscapeLeft UIInterfaceOrientationLandscapeRight";
				INFOPLIST_KEY_UISupportedInterfaceOrientations_iPhone = "UIInterfaceOrientationPortrait UIInterfaceOrientationLandscapeLeft UIInterfaceOrientationLandscapeRight";
				LD_RUNPATH_SEARCH_PATHS = (
					"$(inherited)",
					"@executable_path/Frameworks",
				);
				MARKETING_VERSION = 1.0;
				PRODUCT_BUNDLE_IDENTIFIER = "com.haru-t.Growmap";
				PRODUCT_NAME = "$(TARGET_NAME)";
				SWIFT_EMIT_LOC_STRINGS = YES;
				SWIFT_VERSION = 5.0;
				TARGETED_DEVICE_FAMILY = "1,2";
			};
			name = Release;
		};
/* End XCBuildConfiguration section */

/* Begin XCConfigurationList section */
		4901FDD12EADE7C50004486F /* Build configuration list for PBXProject "Growmap" */ = {
			isa = XCConfigurationList;
			buildConfigurations = (
				4901FDE22EADE7CB0004486F /* Debug */,
				4901FDE32EADE7CB0004486F /* Release */,
			);
			defaultConfigurationIsVisible = 0;
			defaultConfigurationName = Release;
		};
		4901FDE42EADE7CB0004486F /* Build configuration list for PBXNativeTarget "Growmap" */ = {
			isa = XCConfigurationList;
			buildConfigurations = (
				4901FDE52EADE7CB0004486F /* Debug */,
				4901FDE62EADE7CB0004486F /* Release */,
			);
			defaultConfigurationIsVisible = 0;
			defaultConfigurationName = Release;
		};
/* End XCConfigurationList section */
	};
	rootObject = 4901FDCE2EADE7C50004486F /* Project object */;
}
